
Microsoft Visual Studio Solution File, Format Version 12.00
# Visual Studio 15
VisualStudioVersion = 15.0.26720.2
MinimumVisualStudioVersion = 10.0.40219.1
Project("{FAE04EC0-301F-11D3-BF4B-00C04F79EFBC}") = "ClashSharp", "ClashSharp\ClashSharp.csproj", "{60153922-D429-4E3D-91AA-D2B62EDDDEF7}"
EndProject
Project("{2150E333-8FDC-42A3-9474-1A3956D46DE8}") = "Solution Items", "Solution Items", "{B2D0728A-4B1F-46DB-8A38-4A4A1BF7CDA5}"
	ProjectSection(SolutionItems) = preProject
		license.md = license.md
		readme.md = readme.md
	EndProjectSection
EndProject
Project("{FAE04EC0-301F-11D3-BF4B-00C04F79EFBC}") = "ClashSharp.Sample", "ClashSharp.Sample\ClashSharp.Sample.csproj", "{745AF453-B83E-408E-9D6A-E665357EEDA7}"
EndProject
Global
	GlobalSection(SolutionConfigurationPlatforms) = preSolution
		Debug|Any CPU = Debug|Any CPU
		Release|Any CPU = Release|Any CPU
	EndGlobalSection
	GlobalSection(ProjectConfigurationPlatforms) = postSolution
		{60153922-D429-4E3D-91AA-D2B62EDDDEF7}.Debug|Any CPU.ActiveCfg = Debug|Any CPU
		{60153922-D429-4E3D-91AA-D2B62EDDDEF7}.Debug|Any CPU.Build.0 = Debug|Any CPU
		{60153922-D429-4E3D-91AA-D2B62EDDDEF7}.Release|Any CPU.ActiveCfg = Release|Any CPU
		{60153922-D429-4E3D-91AA-D2B62EDDDEF7}.Release|Any CPU.Build.0 = Release|Any CPU
		{745AF453-B83E-408E-9D6A-E665357EEDA7}.Debug|Any CPU.ActiveCfg = Debug|Any CPU
		{745AF453-B83E-408E-9D6A-E665357EEDA7}.Debug|Any CPU.Build.0 = Debug|Any CPU
		{745AF453-B83E-408E-9D6A-E665357EEDA7}.Release|Any CPU.ActiveCfg = Release|Any CPU
		{745AF453-B83E-408E-9D6A-E665357EEDA7}.Release|Any CPU.Build.0 = Release|Any CPU
	EndGlobalSection
	GlobalSection(SolutionProperties) = preSolution
		HideSolutionNode = FALSE
	EndGlobalSection
	GlobalSection(ExtensibilityGlobals) = postSolution
		SolutionGuid = {7ECDB3E7-18AB-4B8C-85B4-A77165597957}
	EndGlobalSection
EndGlobal
